{
  "object": {
    "pins": [
      {
        "package": "JXKit",
        "repositoryURL": "https://github.com/jectivex/JXKit.git",
        "state": {
          "branch": null,
          "revision": "36f95b9dc3437fce50a850498749d010aac96484",
          "version": "1.0.3"
        }
      },
      {
        "package": "OpenCombine",
        "repositoryURL": "https://github.com/OpenCombine/OpenCombine.git",
        "state": {
          "branch": null,
          "revision": "9cf67e363738dbab61b47fb5eaed78d3db31e5ee",
          "version": "0.13.0"
        }
      }
    ]
  },
  "version": 1
}
