{
  "object": {
    "pins": [
      {
        "package": "JXKit",
        "repositoryURL": "https://github.com/jectivex/JXKit.git",
        "state": {
          "branch": "HEAD",
          "revision": "5edef262e05ac1d8ac72e36f928a645b9eb5acd3",
          "version": null
        }
      },
      {
        "package": "OpenCombine",
        "repositoryURL": "https://github.com/OpenCombine/OpenCombine.git",
        "state": {
          "branch": null,
          "revision": "9cf67e363738dbab61b47fb5eaed78d3db31e5ee",
          "version": "0.13.0"
        }
      }
    ]
  },
  "version": 1
}
